// !$*UTF8*$!
{
	archiveVersion = 1;
	classes = {
	};
	objectVersion = 50;
	objects = {

/* Begin PBXBuildFile section */
		4CA3261B25ACAF350083FB0F /* AppetizersApp.swift in Sources */ = {isa = PBXBuildFile; fileRef = 4CA3261A25ACAF350083FB0F /* AppetizersApp.swift */; };
		4CA3261F25ACAF370083FB0F /* Assets.xcassets in Resources */ = {isa = PBXBuildFile; fileRef = 4CA3261E25ACAF370083FB0F /* Assets.xcassets */; };
		4CA3262225ACAF380083FB0F /* Preview Assets.xcassets in Resources */ = {isa = PBXBuildFile; fileRef = 4CA3262125ACAF380083FB0F /* Preview Assets.xcassets */; };
		4CA3262F25ACC8FD0083FB0F /* AppetizerTabView.swift in Sources */ = {isa = PBXBuildFile; fileRef = 4CA3262E25ACC8FD0083FB0F /* AppetizerTabView.swift */; };
		4CA3263225ACC9400083FB0F /* AppetizersListView.swift in Sources */ = {isa = PBXBuildFile; fileRef = 4CA3263125ACC9400083FB0F /* AppetizersListView.swift */; };
		4CA3263525ACC94C0083FB0F /* Account.swift in Sources */ = {isa = PBXBuildFile; fileRef = 4CA3263425ACC94C0083FB0F /* Account.swift */; };
		4CA3263825ACC9560083FB0F /* Order.swift in Sources */ = {isa = PBXBuildFile; fileRef = 4CA3263725ACC9560083FB0F /* Order.swift */; };
		4CA3264025AE21340083FB0F /* Appetizer.swift in Sources */ = {isa = PBXBuildFile; fileRef = 4CA3263F25AE21340083FB0F /* Appetizer.swift */; };
		4CA3264525AE28E60083FB0F /* AppetizerListCell.swift in Sources */ = {isa = PBXBuildFile; fileRef = 4CA3264425AE28E60083FB0F /* AppetizerListCell.swift */; };
		4CE7C4B725B5030A005309CE /* NetworkManager.swift in Sources */ = {isa = PBXBuildFile; fileRef = 4CE7C4B625B5030A005309CE /* NetworkManager.swift */; };
		4CE7C4BA25B505A7005309CE /* APError.swift in Sources */ = {isa = PBXBuildFile; fileRef = 4CE7C4B925B505A7005309CE /* APError.swift */; };
		4CE7C4BE25B50F8D005309CE /* AppetizersListViewModel.swift in Sources */ = {isa = PBXBuildFile; fileRef = 4CE7C4BD25B50F8D005309CE /* AppetizersListViewModel.swift */; };
		4CE7C4C425B5CE27005309CE /* AlertItem.swift in Sources */ = {isa = PBXBuildFile; fileRef = 4CE7C4C325B5CE27005309CE /* AlertItem.swift */; };
/* End PBXBuildFile section */

/* Begin PBXFileReference section */
		4CA3261725ACAF350083FB0F /* Appetizers.app */ = {isa = PBXFileReference; explicitFileType = wrapper.application; includeInIndex = 0; path = Appetizers.app; sourceTree = BUILT_PRODUCTS_DIR; };
		4CA3261A25ACAF350083FB0F /* AppetizersApp.swift */ = {isa = PBXFileReference; lastKnownFileType = sourcecode.swift; path = AppetizersApp.swift; sourceTree = "<group>"; };
		4CA3261E25ACAF370083FB0F /* Assets.xcassets */ = {isa = PBXFileReference; lastKnownFileType = folder.assetcatalog; path = Assets.xcassets; sourceTree = "<group>"; };
		4CA3262125ACAF380083FB0F /* Preview Assets.xcassets */ = {isa = PBXFileReference; lastKnownFileType = folder.assetcatalog; path = "Preview Assets.xcassets"; sourceTree = "<group>"; };
		4CA3262325ACAF380083FB0F /* Info.plist */ = {isa = PBXFileReference; lastKnownFileType = text.plist.xml; path = Info.plist; sourceTree = "<group>"; };
		4CA3262E25ACC8FD0083FB0F /* AppetizerTabView.swift */ = {isa = PBXFileReference; lastKnownFileType = sourcecode.swift; path = AppetizerTabView.swift; sourceTree = "<group>"; };
		4CA3263125ACC9400083FB0F /* AppetizersListView.swift */ = {isa = PBXFileReference; lastKnownFileType = sourcecode.swift; path = AppetizersListView.swift; sourceTree = "<group>"; };
		4CA3263425ACC94C0083FB0F /* Account.swift */ = {isa = PBXFileReference; lastKnownFileType = sourcecode.swift; path = Account.swift; sourceTree = "<group>"; };
		4CA3263725ACC9560083FB0F /* Order.swift */ = {isa = PBXFileReference; lastKnownFileType = sourcecode.swift; path = Order.swift; sourceTree = "<group>"; };
		4CA3263F25AE21340083FB0F /* Appetizer.swift */ = {isa = PBXFileReference; lastKnownFileType = sourcecode.swift; path = Appetizer.swift; sourceTree = "<group>"; };
		4CA3264425AE28E60083FB0F /* AppetizerListCell.swift */ = {isa = PBXFileReference; lastKnownFileType = sourcecode.swift; path = AppetizerListCell.swift; sourceTree = "<group>"; };
		4CE7C4B625B5030A005309CE /* NetworkManager.swift */ = {isa = PBXFileReference; lastKnownFileType = sourcecode.swift; path = NetworkManager.swift; sourceTree = "<group>"; };
		4CE7C4B925B505A7005309CE /* APError.swift */ = {isa = PBXFileReference; lastKnownFileType = sourcecode.swift; path = APError.swift; sourceTree = "<group>"; };
		4CE7C4BD25B50F8D005309CE /* AppetizersListViewModel.swift */ = {isa = PBXFileReference; lastKnownFileType = sourcecode.swift; path = AppetizersListViewModel.swift; sourceTree = "<group>"; };
		4CE7C4C325B5CE27005309CE /* AlertItem.swift */ = {isa = PBXFileReference; lastKnownFileType = sourcecode.swift; path = AlertItem.swift; sourceTree = "<group>"; };
/* End PBXFileReference section */

/* Begin PBXFrameworksBuildPhase section */
		4CA3261425ACAF350083FB0F /* Frameworks */ = {
			isa = PBXFrameworksBuildPhase;
			buildActionMask = 2147483647;
			files = (
			);
			runOnlyForDeploymentPostprocessing = 0;
		};
/* End PBXFrameworksBuildPhase section */

/* Begin PBXGroup section */
		4CA3260E25ACAF350083FB0F = {
			isa = PBXGroup;
			children = (
				4CA3261925ACAF350083FB0F /* Appetizers */,
				4CA3261825ACAF350083FB0F /* Products */,
			);
			sourceTree = "<group>";
		};
		4CA3261825ACAF350083FB0F /* Products */ = {
			isa = PBXGroup;
			children = (
				4CA3261725ACAF350083FB0F /* Appetizers.app */,
			);
			name = Products;
			sourceTree = "<group>";
		};
		4CA3261925ACAF350083FB0F /* Appetizers */ = {
			isa = PBXGroup;
			children = (
				4CE7C4B525B502F9005309CE /* Managers */,
				4CA3264325AE28D20083FB0F /* Reusable Views */,
				4CA3263E25AE21240083FB0F /* Model */,
				4CA3262A25ACB5160083FB0F /* Screens */,
				4CA3261A25ACAF350083FB0F /* AppetizersApp.swift */,
				4CA3261E25ACAF370083FB0F /* Assets.xcassets */,
				4CA3262325ACAF380083FB0F /* Info.plist */,
				4CA3262025ACAF380083FB0F /* Preview Content */,
			);
			path = Appetizers;
			sourceTree = "<group>";
		};
		4CA3262025ACAF380083FB0F /* Preview Content */ = {
			isa = PBXGroup;
			children = (
				4CA3262125ACAF380083FB0F /* Preview Assets.xcassets */,
			);
			path = "Preview Content";
			sourceTree = "<group>";
		};
		4CA3262A25ACB5160083FB0F /* Screens */ = {
			isa = PBXGroup;
			children = (
				4CE7C4BC25B50F6C005309CE /* AppetizerListView */,
				4CA3262E25ACC8FD0083FB0F /* AppetizerTabView.swift */,
				4CA3263425ACC94C0083FB0F /* Account.swift */,
				4CA3263725ACC9560083FB0F /* Order.swift */,
			);
			path = Screens;
			sourceTree = "<group>";
		};
		4CA3263E25AE21240083FB0F /* Model */ = {
			isa = PBXGroup;
			children = (
				4CA3263F25AE21340083FB0F /* Appetizer.swift */,
				4CE7C4B925B505A7005309CE /* APError.swift */,
				4CE7C4C325B5CE27005309CE /* AlertItem.swift */,
			);
			path = Model;
			sourceTree = "<group>";
		};
		4CA3264325AE28D20083FB0F /* Reusable Views */ = {
			isa = PBXGroup;
			children = (
				4CA3264425AE28E60083FB0F /* AppetizerListCell.swift */,
			);
			path = "Reusable Views";
			sourceTree = "<group>";
		};
		4CE7C4B525B502F9005309CE /* Managers */ = {
			isa = PBXGroup;
			children = (
				4CE7C4B625B5030A005309CE /* NetworkManager.swift */,
			);
			path = Managers;
			sourceTree = "<group>";
		};
		4CE7C4BC25B50F6C005309CE /* AppetizerListView */ = {
			isa = PBXGroup;
			children = (
				4CA3263125ACC9400083FB0F /* AppetizersListView.swift */,
				4CE7C4BD25B50F8D005309CE /* AppetizersListViewModel.swift */,
			);
			path = AppetizerListView;
			sourceTree = "<group>";
		};
/* End PBXGroup section */

/* Begin PBXNativeTarget section */
		4CA3261625ACAF350083FB0F /* Appetizers */ = {
			isa = PBXNativeTarget;
			buildConfigurationList = 4CA3262625ACAF380083FB0F /* Build configuration list for PBXNativeTarget "Appetizers" */;
			buildPhases = (
				4CA3261325ACAF350083FB0F /* Sources */,
				4CA3261425ACAF350083FB0F /* Frameworks */,
				4CA3261525ACAF350083FB0F /* Resources */,
			);
			buildRules = (
			);
			dependencies = (
			);
			name = Appetizers;
			productName = Appetizers;
			productReference = 4CA3261725ACAF350083FB0F /* Appetizers.app */;
			productType = "com.apple.product-type.application";
		};
/* End PBXNativeTarget section */

/* Begin PBXProject section */
		4CA3260F25ACAF350083FB0F /* Project object */ = {
			isa = PBXProject;
			attributes = {
				LastSwiftUpdateCheck = 1230;
				LastUpgradeCheck = 1230;
				TargetAttributes = {
					4CA3261625ACAF350083FB0F = {
						CreatedOnToolsVersion = 12.3;
					};
				};
			};
			buildConfigurationList = 4CA3261225ACAF350083FB0F /* Build configuration list for PBXProject "Appetizers" */;
			compatibilityVersion = "Xcode 9.3";
			developmentRegion = en;
			hasScannedForEncodings = 0;
			knownRegions = (
				en,
				Base,
			);
			mainGroup = 4CA3260E25ACAF350083FB0F;
			productRefGroup = 4CA3261825ACAF350083FB0F /* Products */;
			projectDirPath = "";
			projectRoot = "";
			targets = (
				4CA3261625ACAF350083FB0F /* Appetizers */,
			);
		};
/* End PBXProject section */

/* Begin PBXResourcesBuildPhase section */
		4CA3261525ACAF350083FB0F /* Resources */ = {
			isa = PBXResourcesBuildPhase;
			buildActionMask = 2147483647;
			files = (
				4CA3262225ACAF380083FB0F /* Preview Assets.xcassets in Resources */,
				4CA3261F25ACAF370083FB0F /* Assets.xcassets in Resources */,
			);
			runOnlyForDeploymentPostprocessing = 0;
		};
/* End PBXResourcesBuildPhase section */

/* Begin PBXSourcesBuildPhase section */
		4CA3261325ACAF350083FB0F /* Sources */ = {
			isa = PBXSourcesBuildPhase;
			buildActionMask = 2147483647;
			files = (
				4CE7C4C425B5CE27005309CE /* AlertItem.swift in Sources */,
				4CA3264025AE21340083FB0F /* Appetizer.swift in Sources */,
				4CE7C4BA25B505A7005309CE /* APError.swift in Sources */,
				4CA3264525AE28E60083FB0F /* AppetizerListCell.swift in Sources */,
				4CE7C4BE25B50F8D005309CE /* AppetizersListViewModel.swift in Sources */,
				4CA3263225ACC9400083FB0F /* AppetizersListView.swift in Sources */,
				4CA3263525ACC94C0083FB0F /* Account.swift in Sources */,
				4CE7C4B725B5030A005309CE /* NetworkManager.swift in Sources */,
				4CA3262F25ACC8FD0083FB0F /* AppetizerTabView.swift in Sources */,
				4CA3261B25ACAF350083FB0F /* AppetizersApp.swift in Sources */,
				4CA3263825ACC9560083FB0F /* Order.swift in Sources */,
			);
			runOnlyForDeploymentPostprocessing = 0;
		};
/* End PBXSourcesBuildPhase section */

/* Begin XCBuildConfiguration section */
		4CA3262425ACAF380083FB0F /* Debug */ = {
			isa = XCBuildConfiguration;
			buildSettings = {
				ALWAYS_SEARCH_USER_PATHS = NO;
				CLANG_ANALYZER_NONNULL = YES;
				CLANG_ANALYZER_NUMBER_OBJECT_CONVERSION = YES_AGGRESSIVE;
				CLANG_CXX_LANGUAGE_STANDARD = "gnu++14";
				CLANG_CXX_LIBRARY = "libc++";
				CLANG_ENABLE_MODULES = YES;
				CLANG_ENABLE_OBJC_ARC = YES;
				CLANG_ENABLE_OBJC_WEAK = YES;
				CLANG_WARN_BLOCK_CAPTURE_AUTORELEASING = YES;
				CLANG_WARN_BOOL_CONVERSION = YES;
				CLANG_WARN_COMMA = YES;
				CLANG_WARN_CONSTANT_CONVERSION = YES;
				CLANG_WARN_DEPRECATED_OBJC_IMPLEMENTATIONS = YES;
				CLANG_WARN_DIRECT_OBJC_ISA_USAGE = YES_ERROR;
				CLANG_WARN_DOCUMENTATION_COMMENTS = YES;
				CLANG_WARN_EMPTY_BODY = YES;
				CLANG_WARN_ENUM_CONVERSION = YES;
				CLANG_WARN_INFINITE_RECURSION = YES;
				CLANG_WARN_INT_CONVERSION = YES;
				CLANG_WARN_NON_LITERAL_NULL_CONVERSION = YES;
				CLANG_WARN_OBJC_IMPLICIT_RETAIN_SELF = YES;
				CLANG_WARN_OBJC_LITERAL_CONVERSION = YES;
				CLANG_WARN_OBJC_ROOT_CLASS = YES_ERROR;
				CLANG_WARN_QUOTED_INCLUDE_IN_FRAMEWORK_HEADER = YES;
				CLANG_WARN_RANGE_LOOP_ANALYSIS = YES;
				CLANG_WARN_STRICT_PROTOTYPES = YES;
				CLANG_WARN_SUSPICIOUS_MOVE = YES;
				CLANG_WARN_UNGUARDED_AVAILABILITY = YES_AGGRESSIVE;
				CLANG_WARN_UNREACHABLE_CODE = YES;
				CLANG_WARN__DUPLICATE_METHOD_MATCH = YES;
				COPY_PHASE_STRIP = NO;
				DEBUG_INFORMATION_FORMAT = dwarf;
				ENABLE_STRICT_OBJC_MSGSEND = YES;
				ENABLE_TESTABILITY = YES;
				GCC_C_LANGUAGE_STANDARD = gnu11;
				GCC_DYNAMIC_NO_PIC = NO;
				GCC_NO_COMMON_BLOCKS = YES;
				GCC_OPTIMIZATION_LEVEL = 0;
				GCC_PREPROCESSOR_DEFINITIONS = (
					"DEBUG=1",
					"$(inherited)",
				);
				GCC_WARN_64_TO_32_BIT_CONVERSION = YES;
				GCC_WARN_ABOUT_RETURN_TYPE = YES_ERROR;
				GCC_WARN_UNDECLARED_SELECTOR = YES;
				GCC_WARN_UNINITIALIZED_AUTOS = YES_AGGRESSIVE;
				GCC_WARN_UNUSED_FUNCTION = YES;
				GCC_WARN_UNUSED_VARIABLE = YES;
				IPHONEOS_DEPLOYMENT_TARGET = 14.3;
				MTL_ENABLE_DEBUG_INFO = INCLUDE_SOURCE;
				MTL_FAST_MATH = YES;
				ONLY_ACTIVE_ARCH = YES;
				SDKROOT = iphoneos;
				SWIFT_ACTIVE_COMPILATION_CONDITIONS = DEBUG;
				SWIFT_OPTIMIZATION_LEVEL = "-Onone";
			};
			name = Debug;
		};
		4CA3262525ACAF380083FB0F /* Release */ = {
			isa = XCBuildConfiguration;
			buildSettings = {
				ALWAYS_SEARCH_USER_PATHS = NO;
				CLANG_ANALYZER_NONNULL = YES;
				CLANG_ANALYZER_NUMBER_OBJECT_CONVERSION = YES_AGGRESSIVE;
				CLANG_CXX_LANGUAGE_STANDARD = "gnu++14";
				CLANG_CXX_LIBRARY = "libc++";
				CLANG_ENABLE_MODULES = YES;
				CLANG_ENABLE_OBJC_ARC = YES;
				CLANG_ENABLE_OBJC_WEAK = YES;
				CLANG_WARN_BLOCK_CAPTURE_AUTORELEASING = YES;
				CLANG_WARN_BOOL_CONVERSION = YES;
				CLANG_WARN_COMMA = YES;
				CLANG_WARN_CONSTANT_CONVERSION = YES;
				CLANG_WARN_DEPRECATED_OBJC_IMPLEMENTATIONS = YES;
				CLANG_WARN_DIRECT_OBJC_ISA_USAGE = YES_ERROR;
				CLANG_WARN_DOCUMENTATION_COMMENTS = YES;
				CLANG_WARN_EMPTY_BODY = YES;
				CLANG_WARN_ENUM_CONVERSION = YES;
				CLANG_WARN_INFINITE_RECURSION = YES;
				CLANG_WARN_INT_CONVERSION = YES;
				CLANG_WARN_NON_LITERAL_NULL_CONVERSION = YES;
				CLANG_WARN_OBJC_IMPLICIT_RETAIN_SELF = YES;
				CLANG_WARN_OBJC_LITERAL_CONVERSION = YES;
				CLANG_WARN_OBJC_ROOT_CLASS = YES_ERROR;
				CLANG_WARN_QUOTED_INCLUDE_IN_FRAMEWORK_HEADER = YES;
				CLANG_WARN_RANGE_LOOP_ANALYSIS = YES;
				CLANG_WARN_STRICT_PROTOTYPES = YES;
				CLANG_WARN_SUSPICIOUS_MOVE = YES;
				CLANG_WARN_UNGUARDED_AVAILABILITY = YES_AGGRESSIVE;
				CLANG_WARN_UNREACHABLE_CODE = YES;
				CLANG_WARN__DUPLICATE_METHOD_MATCH = YES;
				COPY_PHASE_STRIP = NO;
				DEBUG_INFORMATION_FORMAT = "dwarf-with-dsym";
				ENABLE_NS_ASSERTIONS = NO;
				ENABLE_STRICT_OBJC_MSGSEND = YES;
				GCC_C_LANGUAGE_STANDARD = gnu11;
				GCC_NO_COMMON_BLOCKS = YES;
				GCC_WARN_64_TO_32_BIT_CONVERSION = YES;
				GCC_WARN_ABOUT_RETURN_TYPE = YES_ERROR;
				GCC_WARN_UNDECLARED_SELECTOR = YES;
				GCC_WARN_UNINITIALIZED_AUTOS = YES_AGGRESSIVE;
				GCC_WARN_UNUSED_FUNCTION = YES;
				GCC_WARN_UNUSED_VARIABLE = YES;
				IPHONEOS_DEPLOYMENT_TARGET = 14.3;
				MTL_ENABLE_DEBUG_INFO = NO;
				MTL_FAST_MATH = YES;
				SDKROOT = iphoneos;
				SWIFT_COMPILATION_MODE = wholemodule;
				SWIFT_OPTIMIZATION_LEVEL = "-O";
				VALIDATE_PRODUCT = YES;
			};
			name = Release;
		};
		4CA3262725ACAF380083FB0F /* Debug */ = {
			isa = XCBuildConfiguration;
			buildSettings = {
				ASSETCATALOG_COMPILER_APPICON_NAME = AppIcon;
				ASSETCATALOG_COMPILER_GLOBAL_ACCENT_COLOR_NAME = AccentColor;
				CODE_SIGN_STYLE = Automatic;
				DEVELOPMENT_ASSET_PATHS = "\"Appetizers/Preview Content\"";
				DEVELOPMENT_TEAM = H67HBX73UR;
				ENABLE_PREVIEWS = YES;
				INFOPLIST_FILE = Appetizers/Info.plist;
				IPHONEOS_DEPLOYMENT_TARGET = 14.0;
				LD_RUNPATH_SEARCH_PATHS = (
					"$(inherited)",
					"@executable_path/Frameworks",
				);
				PRODUCT_BUNDLE_IDENTIFIER = com.kalinbalabanov.Appetizers;
				PRODUCT_NAME = "$(TARGET_NAME)";
				SWIFT_VERSION = 5.0;
				TARGETED_DEVICE_FAMILY = "1,2";
			};
			name = Debug;
		};
		4CA3262825ACAF380083FB0F /* Release */ = {
			isa = XCBuildConfiguration;
			buildSettings = {
				ASSETCATALOG_COMPILER_APPICON_NAME = AppIcon;
				ASSETCATALOG_COMPILER_GLOBAL_ACCENT_COLOR_NAME = AccentColor;
				CODE_SIGN_STYLE = Automatic;
				DEVELOPMENT_ASSET_PATHS = "\"Appetizers/Preview Content\"";
				DEVELOPMENT_TEAM = H67HBX73UR;
				ENABLE_PREVIEWS = YES;
				INFOPLIST_FILE = Appetizers/Info.plist;
				IPHONEOS_DEPLOYMENT_TARGET = 14.0;
				LD_RUNPATH_SEARCH_PATHS = (
					"$(inherited)",
					"@executable_path/Frameworks",
				);
				PRODUCT_BUNDLE_IDENTIFIER = com.kalinbalabanov.Appetizers;
				PRODUCT_NAME = "$(TARGET_NAME)";
				SWIFT_VERSION = 5.0;
				TARGETED_DEVICE_FAMILY = "1,2";
			};
			name = Release;
		};
/* End XCBuildConfiguration section */

/* Begin XCConfigurationList section */
		4CA3261225ACAF350083FB0F /* Build configuration list for PBXProject "Appetizers" */ = {
			isa = XCConfigurationList;
			buildConfigurations = (
				4CA3262425ACAF380083FB0F /* Debug */,
				4CA3262525ACAF380083FB0F /* Release */,
			);
			defaultConfigurationIsVisible = 0;
			defaultConfigurationName = Release;
		};
		4CA3262625ACAF380083FB0F /* Build configuration list for PBXNativeTarget "Appetizers" */ = {
			isa = XCConfigurationList;
			buildConfigurations = (
				4CA3262725ACAF380083FB0F /* Debug */,
				4CA3262825ACAF380083FB0F /* Release */,
			);
			defaultConfigurationIsVisible = 0;
			defaultConfigurationName = Release;
		};
/* End XCConfigurationList section */
	};
	rootObject = 4CA3260F25ACAF350083FB0F /* Project object */;
}
